// !$*UTF8*$!
{
	archiveVersion = 1;
	classes = {
	};
	objectVersion = 56;
	objects = {

/* Begin PBXBuildFile section */
		0E40E112291AFA3800B84A99 /* AppDelegate.swift in Sources */ = {isa = PBXBuildFile; fileRef = 0E40E111291AFA3800B84A99 /* AppDelegate.swift */; };
		0E40E114291AFA3800B84A99 /* SceneDelegate.swift in Sources */ = {isa = PBXBuildFile; fileRef = 0E40E113291AFA3800B84A99 /* SceneDelegate.swift */; };
		0E40E116291AFA3800B84A99 /* ViewController.swift in Sources */ = {isa = PBXBuildFile; fileRef = 0E40E115291AFA3800B84A99 /* ViewController.swift */; };
		0E40E119291AFA3800B84A99 /* Main.storyboard in Resources */ = {isa = PBXBuildFile; fileRef = 0E40E117291AFA3800B84A99 /* Main.storyboard */; };
		0E40E11B291AFA3900B84A99 /* Assets.xcassets in Resources */ = {isa = PBXBuildFile; fileRef = 0E40E11A291AFA3900B84A99 /* Assets.xcassets */; };
		0E40E11E291AFA3900B84A99 /* LaunchScreen.storyboard in Resources */ = {isa = PBXBuildFile; fileRef = 0E40E11C291AFA3900B84A99 /* LaunchScreen.storyboard */; };
		0E40E129291AFA3900B84A99 /* ProgrammaticSeguesTests.swift in Sources */ = {isa = PBXBuildFile; fileRef = 0E40E128291AFA3900B84A99 /* ProgrammaticSeguesTests.swift */; };
		0E40E133291AFA3900B84A99 /* ProgrammaticSeguesUITests.swift in Sources */ = {isa = PBXBuildFile; fileRef = 0E40E132291AFA3900B84A99 /* ProgrammaticSeguesUITests.swift */; };
		0E40E135291AFA3900B84A99 /* ProgrammaticSeguesUITestsLaunchTests.swift in Sources */ = {isa = PBXBuildFile; fileRef = 0E40E134291AFA3900B84A99 /* ProgrammaticSeguesUITestsLaunchTests.swift */; };
/* End PBXBuildFile section */

/* Begin PBXContainerItemProxy section */
		0E40E125291AFA3900B84A99 /* PBXContainerItemProxy */ = {
			isa = PBXContainerItemProxy;
			containerPortal = 0E40E106291AFA3800B84A99 /* Project object */;
			proxyType = 1;
			remoteGlobalIDString = 0E40E10D291AFA3800B84A99;
			remoteInfo = ProgrammaticSegues;
		};
		0E40E12F291AFA3900B84A99 /* PBXContainerItemProxy */ = {
			isa = PBXContainerItemProxy;
			containerPortal = 0E40E106291AFA3800B84A99 /* Project object */;
			proxyType = 1;
			remoteGlobalIDString = 0E40E10D291AFA3800B84A99;
			remoteInfo = ProgrammaticSegues;
		};
/* End PBXContainerItemProxy section */

/* Begin PBXFileReference section */
		0E40E10E291AFA3800B84A99 /* ProgrammaticSegues.app */ = {isa = PBXFileReference; explicitFileType = wrapper.application; includeInIndex = 0; path = ProgrammaticSegues.app; sourceTree = BUILT_PRODUCTS_DIR; };
		0E40E111291AFA3800B84A99 /* AppDelegate.swift */ = {isa = PBXFileReference; lastKnownFileType = sourcecode.swift; path = AppDelegate.swift; sourceTree = "<group>"; };
		0E40E113291AFA3800B84A99 /* SceneDelegate.swift */ = {isa = PBXFileReference; lastKnownFileType = sourcecode.swift; path = SceneDelegate.swift; sourceTree = "<group>"; };
		0E40E115291AFA3800B84A99 /* ViewController.swift */ = {isa = PBXFileReference; lastKnownFileType = sourcecode.swift; path = ViewController.swift; sourceTree = "<group>"; };
		0E40E118291AFA3800B84A99 /* Base */ = {isa = PBXFileReference; lastKnownFileType = file.storyboard; name = Base; path = Base.lproj/Main.storyboard; sourceTree = "<group>"; };
		0E40E11A291AFA3900B84A99 /* Assets.xcassets */ = {isa = PBXFileReference; lastKnownFileType = folder.assetcatalog; path = Assets.xcassets; sourceTree = "<group>"; };
		0E40E11D291AFA3900B84A99 /* Base */ = {isa = PBXFileReference; lastKnownFileType = file.storyboard; name = Base; path = Base.lproj/LaunchScreen.storyboard; sourceTree = "<group>"; };
		0E40E11F291AFA3900B84A99 /* Info.plist */ = {isa = PBXFileReference; lastKnownFileType = text.plist.xml; path = Info.plist; sourceTree = "<group>"; };
		0E40E124291AFA3900B84A99 /* ProgrammaticSeguesTests.xctest */ = {isa = PBXFileReference; explicitFileType = wrapper.cfbundle; includeInIndex = 0; path = ProgrammaticSeguesTests.xctest; sourceTree = BUILT_PRODUCTS_DIR; };
		0E40E128291AFA3900B84A99 /* ProgrammaticSeguesTests.swift */ = {isa = PBXFileReference; lastKnownFileType = sourcecode.swift; path = ProgrammaticSeguesTests.swift; sourceTree = "<group>"; };
		0E40E12E291AFA3900B84A99 /* ProgrammaticSeguesUITests.xctest */ = {isa = PBXFileReference; explicitFileType = wrapper.cfbundle; includeInIndex = 0; path = ProgrammaticSeguesUITests.xctest; sourceTree = BUILT_PRODUCTS_DIR; };
		0E40E132291AFA3900B84A99 /* ProgrammaticSeguesUITests.swift */ = {isa = PBXFileReference; lastKnownFileType = sourcecode.swift; path = ProgrammaticSeguesUITests.swift; sourceTree = "<group>"; };
		0E40E134291AFA3900B84A99 /* ProgrammaticSeguesUITestsLaunchTests.swift */ = {isa = PBXFileReference; lastKnownFileType = sourcecode.swift; path = ProgrammaticSeguesUITestsLaunchTests.swift; sourceTree = "<group>"; };
/* End PBXFileReference section */

/* Begin PBXFrameworksBuildPhase section */
		0E40E10B291AFA3800B84A99 /* Frameworks */ = {
			isa = PBXFrameworksBuildPhase;
			buildActionMask = 2147483647;
			files = (
			);
			runOnlyForDeploymentPostprocessing = 0;
		};
		0E40E121291AFA3900B84A99 /* Frameworks */ = {
			isa = PBXFrameworksBuildPhase;
			buildActionMask = 2147483647;
			files = (
			);
			runOnlyForDeploymentPostprocessing = 0;
		};
		0E40E12B291AFA3900B84A99 /* Frameworks */ = {
			isa = PBXFrameworksBuildPhase;
			buildActionMask = 2147483647;
			files = (
			);
			runOnlyForDeploymentPostprocessing = 0;
		};
/* End PBXFrameworksBuildPhase section */

/* Begin PBXGroup section */
		0E40E105291AFA3800B84A99 = {
			isa = PBXGroup;
			children = (
				0E40E110291AFA3800B84A99 /* ProgrammaticSegues */,
				0E40E127291AFA3900B84A99 /* ProgrammaticSeguesTests */,
				0E40E131291AFA3900B84A99 /* ProgrammaticSeguesUITests */,
				0E40E10F291AFA3800B84A99 /* Products */,
			);
			sourceTree = "<group>";
		};
		0E40E10F291AFA3800B84A99 /* Products */ = {
			isa = PBXGroup;
			children = (
				0E40E10E291AFA3800B84A99 /* ProgrammaticSegues.app */,
				0E40E124291AFA3900B84A99 /* ProgrammaticSeguesTests.xctest */,
				0E40E12E291AFA3900B84A99 /* ProgrammaticSeguesUITests.xctest */,
			);
			name = Products;
			sourceTree = "<group>";
		};
		0E40E110291AFA3800B84A99 /* ProgrammaticSegues */ = {
			isa = PBXGroup;
			children = (
				0E40E111291AFA3800B84A99 /* AppDelegate.swift */,
				0E40E113291AFA3800B84A99 /* SceneDelegate.swift */,
				0E40E115291AFA3800B84A99 /* ViewController.swift */,
				0E40E117291AFA3800B84A99 /* Main.storyboard */,
				0E40E11A291AFA3900B84A99 /* Assets.xcassets */,
				0E40E11C291AFA3900B84A99 /* LaunchScreen.storyboard */,
				0E40E11F291AFA3900B84A99 /* Info.plist */,
			);
			path = ProgrammaticSegues;
			sourceTree = "<group>";
		};
		0E40E127291AFA3900B84A99 /* ProgrammaticSeguesTests */ = {
			isa = PBXGroup;
			children = (
				0E40E128291AFA3900B84A99 /* ProgrammaticSeguesTests.swift */,
			);
			path = ProgrammaticSeguesTests;
			sourceTree = "<group>";
		};
		0E40E131291AFA3900B84A99 /* ProgrammaticSeguesUITests */ = {
			isa = PBXGroup;
			children = (
				0E40E132291AFA3900B84A99 /* ProgrammaticSeguesUITests.swift */,
				0E40E134291AFA3900B84A99 /* ProgrammaticSeguesUITestsLaunchTests.swift */,
			);
			path = ProgrammaticSeguesUITests;
			sourceTree = "<group>";
		};
/* End PBXGroup section */

/* Begin PBXNativeTarget section */
		0E40E10D291AFA3800B84A99 /* ProgrammaticSegues */ = {
			isa = PBXNativeTarget;
			buildConfigurationList = 0E40E138291AFA3900B84A99 /* Build configuration list for PBXNativeTarget "ProgrammaticSegues" */;
			buildPhases = (
				0E40E10A291AFA3800B84A99 /* Sources */,
				0E40E10B291AFA3800B84A99 /* Frameworks */,
				0E40E10C291AFA3800B84A99 /* Resources */,
			);
			buildRules = (
			);
			dependencies = (
			);
			name = ProgrammaticSegues;
			productName = ProgrammaticSegues;
			productReference = 0E40E10E291AFA3800B84A99 /* ProgrammaticSegues.app */;
			productType = "com.apple.product-type.application";
		};
		0E40E123291AFA3900B84A99 /* ProgrammaticSeguesTests */ = {
			isa = PBXNativeTarget;
			buildConfigurationList = 0E40E13B291AFA3900B84A99 /* Build configuration list for PBXNativeTarget "ProgrammaticSeguesTests" */;
			buildPhases = (
				0E40E120291AFA3900B84A99 /* Sources */,
				0E40E121291AFA3900B84A99 /* Frameworks */,
				0E40E122291AFA3900B84A99 /* Resources */,
			);
			buildRules = (
			);
			dependencies = (
				0E40E126291AFA3900B84A99 /* PBXTargetDependency */,
			);
			name = ProgrammaticSeguesTests;
			productName = ProgrammaticSeguesTests;
			productReference = 0E40E124291AFA3900B84A99 /* ProgrammaticSeguesTests.xctest */;
			productType = "com.apple.product-type.bundle.unit-test";
		};
		0E40E12D291AFA3900B84A99 /* ProgrammaticSeguesUITests */ = {
			isa = PBXNativeTarget;
			buildConfigurationList = 0E40E13E291AFA3900B84A99 /* Build configuration list for PBXNativeTarget "ProgrammaticSeguesUITests" */;
			buildPhases = (
				0E40E12A291AFA3900B84A99 /* Sources */,
				0E40E12B291AFA3900B84A99 /* Frameworks */,
				0E40E12C291AFA3900B84A99 /* Resources */,
			);
			buildRules = (
			);
			dependencies = (
				0E40E130291AFA3900B84A99 /* PBXTargetDependency */,
			);
			name = ProgrammaticSeguesUITests;
			productName = ProgrammaticSeguesUITests;
			productReference = 0E40E12E291AFA3900B84A99 /* ProgrammaticSeguesUITests.xctest */;
			productType = "com.apple.product-type.bundle.ui-testing";
		};
/* End PBXNativeTarget section */

/* Begin PBXProject section */
		0E40E106291AFA3800B84A99 /* Project object */ = {
			isa = PBXProject;
			attributes = {
				BuildIndependentTargetsInParallel = 1;
				LastSwiftUpdateCheck = 1410;
				LastUpgradeCheck = 1410;
				TargetAttributes = {
					0E40E10D291AFA3800B84A99 = {
						CreatedOnToolsVersion = 14.1;
					};
					0E40E123291AFA3900B84A99 = {
						CreatedOnToolsVersion = 14.1;
						TestTargetID = 0E40E10D291AFA3800B84A99;
					};
					0E40E12D291AFA3900B84A99 = {
						CreatedOnToolsVersion = 14.1;
						TestTargetID = 0E40E10D291AFA3800B84A99;
					};
				};
			};
			buildConfigurationList = 0E40E109291AFA3800B84A99 /* Build configuration list for PBXProject "ProgrammaticSegues" */;
			compatibilityVersion = "Xcode 14.0";
			developmentRegion = en;
			hasScannedForEncodings = 0;
			knownRegions = (
				en,
				Base,
			);
			mainGroup = 0E40E105291AFA3800B84A99;
			productRefGroup = 0E40E10F291AFA3800B84A99 /* Products */;
			projectDirPath = "";
			projectRoot = "";
			targets = (
				0E40E10D291AFA3800B84A99 /* ProgrammaticSegues */,
				0E40E123291AFA3900B84A99 /* ProgrammaticSeguesTests */,
				0E40E12D291AFA3900B84A99 /* ProgrammaticSeguesUITests */,
			);
		};
/* End PBXProject section */

/* Begin PBXResourcesBuildPhase section */
		0E40E10C291AFA3800B84A99 /* Resources */ = {
			isa = PBXResourcesBuildPhase;
			buildActionMask = 2147483647;
			files = (
				0E40E11E291AFA3900B84A99 /* LaunchScreen.storyboard in Resources */,
				0E40E11B291AFA3900B84A99 /* Assets.xcassets in Resources */,
				0E40E119291AFA3800B84A99 /* Main.storyboard in Resources */,
			);
			runOnlyForDeploymentPostprocessing = 0;
		};
		0E40E122291AFA3900B84A99 /* Resources */ = {
			isa = PBXResourcesBuildPhase;
			buildActionMask = 2147483647;
			files = (
			);
			runOnlyForDeploymentPostprocessing = 0;
		};
		0E40E12C291AFA3900B84A99 /* Resources */ = {
			isa = PBXResourcesBuildPhase;
			buildActionMask = 2147483647;
			files = (
			);
			runOnlyForDeploymentPostprocessing = 0;
		};
/* End PBXResourcesBuildPhase section */

/* Begin PBXSourcesBuildPhase section */
		0E40E10A291AFA3800B84A99 /* Sources */ = {
			isa = PBXSourcesBuildPhase;
			buildActionMask = 2147483647;
			files = (
				0E40E116291AFA3800B84A99 /* ViewController.swift in Sources */,
				0E40E112291AFA3800B84A99 /* AppDelegate.swift in Sources */,
				0E40E114291AFA3800B84A99 /* SceneDelegate.swift in Sources */,
			);
			runOnlyForDeploymentPostprocessing = 0;
		};
		0E40E120291AFA3900B84A99 /* Sources */ = {
			isa = PBXSourcesBuildPhase;
			buildActionMask = 2147483647;
			files = (
				0E40E129291AFA3900B84A99 /* ProgrammaticSeguesTests.swift in Sources */,
			);
			runOnlyForDeploymentPostprocessing = 0;
		};
		0E40E12A291AFA3900B84A99 /* Sources */ = {
			isa = PBXSourcesBuildPhase;
			buildActionMask = 2147483647;
			files = (
				0E40E135291AFA3900B84A99 /* ProgrammaticSeguesUITestsLaunchTests.swift in Sources */,
				0E40E133291AFA3900B84A99 /* ProgrammaticSeguesUITests.swift in Sources */,
			);
			runOnlyForDeploymentPostprocessing = 0;
		};
/* End PBXSourcesBuildPhase section */

/* Begin PBXTargetDependency section */
		0E40E126291AFA3900B84A99 /* PBXTargetDependency */ = {
			isa = PBXTargetDependency;
			target = 0E40E10D291AFA3800B84A99 /* ProgrammaticSegues */;
			targetProxy = 0E40E125291AFA3900B84A99 /* PBXContainerItemProxy */;
		};
		0E40E130291AFA3900B84A99 /* PBXTargetDependency */ = {
			isa = PBXTargetDependency;
			target = 0E40E10D291AFA3800B84A99 /* ProgrammaticSegues */;
			targetProxy = 0E40E12F291AFA3900B84A99 /* PBXContainerItemProxy */;
		};
/* End PBXTargetDependency section */

/* Begin PBXVariantGroup section */
		0E40E117291AFA3800B84A99 /* Main.storyboard */ = {
			isa = PBXVariantGroup;
			children = (
				0E40E118291AFA3800B84A99 /* Base */,
			);
			name = Main.storyboard;
			sourceTree = "<group>";
		};
		0E40E11C291AFA3900B84A99 /* LaunchScreen.storyboard */ = {
			isa = PBXVariantGroup;
			children = (
				0E40E11D291AFA3900B84A99 /* Base */,
			);
			name = LaunchScreen.storyboard;
			sourceTree = "<group>";
		};
/* End PBXVariantGroup section */

/* Begin XCBuildConfiguration section */
		0E40E136291AFA3900B84A99 /* Debug */ = {
			isa = XCBuildConfiguration;
			buildSettings = {
				ALWAYS_SEARCH_USER_PATHS = NO;
				CLANG_ANALYZER_NONNULL = YES;
				CLANG_ANALYZER_NUMBER_OBJECT_CONVERSION = YES_AGGRESSIVE;
				CLANG_CXX_LANGUAGE_STANDARD = "gnu++20";
				CLANG_ENABLE_MODULES = YES;
				CLANG_ENABLE_OBJC_ARC = YES;
				CLANG_ENABLE_OBJC_WEAK = YES;
				CLANG_WARN_BLOCK_CAPTURE_AUTORELEASING = YES;
				CLANG_WARN_BOOL_CONVERSION = YES;
				CLANG_WARN_COMMA = YES;
				CLANG_WARN_CONSTANT_CONVERSION = YES;
				CLANG_WARN_DEPRECATED_OBJC_IMPLEMENTATIONS = YES;
				CLANG_WARN_DIRECT_OBJC_ISA_USAGE = YES_ERROR;
				CLANG_WARN_DOCUMENTATION_COMMENTS = YES;
				CLANG_WARN_EMPTY_BODY = YES;
				CLANG_WARN_ENUM_CONVERSION = YES;
				CLANG_WARN_INFINITE_RECURSION = YES;
				CLANG_WARN_INT_CONVERSION = YES;
				CLANG_WARN_NON_LITERAL_NULL_CONVERSION = YES;
				CLANG_WARN_OBJC_IMPLICIT_RETAIN_SELF = YES;
				CLANG_WARN_OBJC_LITERAL_CONVERSION = YES;
				CLANG_WARN_OBJC_ROOT_CLASS = YES_ERROR;
				CLANG_WARN_QUOTED_INCLUDE_IN_FRAMEWORK_HEADER = YES;
				CLANG_WARN_RANGE_LOOP_ANALYSIS = YES;
				CLANG_WARN_STRICT_PROTOTYPES = YES;
				CLANG_WARN_SUSPICIOUS_MOVE = YES;
				CLANG_WARN_UNGUARDED_AVAILABILITY = YES_AGGRESSIVE;
				CLANG_WARN_UNREACHABLE_CODE = YES;
				CLANG_WARN__DUPLICATE_METHOD_MATCH = YES;
				COPY_PHASE_STRIP = NO;
				DEBUG_INFORMATION_FORMAT = dwarf;
				ENABLE_STRICT_OBJC_MSGSEND = YES;
				ENABLE_TESTABILITY = YES;
				GCC_C_LANGUAGE_STANDARD = gnu11;
				GCC_DYNAMIC_NO_PIC = NO;
				GCC_NO_COMMON_BLOCKS = YES;
				GCC_OPTIMIZATION_LEVEL = 0;
				GCC_PREPROCESSOR_DEFINITIONS = (
					"DEBUG=1",
					"$(inherited)",
				);
				GCC_WARN_64_TO_32_BIT_CONVERSION = YES;
				GCC_WARN_ABOUT_RETURN_TYPE = YES_ERROR;
				GCC_WARN_UNDECLARED_SELECTOR = YES;
				GCC_WARN_UNINITIALIZED_AUTOS = YES_AGGRESSIVE;
				GCC_WARN_UNUSED_FUNCTION = YES;
				GCC_WARN_UNUSED_VARIABLE = YES;
				IPHONEOS_DEPLOYMENT_TARGET = 16.1;
				MTL_ENABLE_DEBUG_INFO = INCLUDE_SOURCE;
				MTL_FAST_MATH = YES;
				ONLY_ACTIVE_ARCH = YES;
				SDKROOT = iphoneos;
				SWIFT_ACTIVE_COMPILATION_CONDITIONS = DEBUG;
				SWIFT_OPTIMIZATION_LEVEL = "-Onone";
			};
			name = Debug;
		};
		0E40E137291AFA3900B84A99 /* Release */ = {
			isa = XCBuildConfiguration;
			buildSettings = {
				ALWAYS_SEARCH_USER_PATHS = NO;
				CLANG_ANALYZER_NONNULL = YES;
				CLANG_ANALYZER_NUMBER_OBJECT_CONVERSION = YES_AGGRESSIVE;
				CLANG_CXX_LANGUAGE_STANDARD = "gnu++20";
				CLANG_ENABLE_MODULES = YES;
				CLANG_ENABLE_OBJC_ARC = YES;
				CLANG_ENABLE_OBJC_WEAK = YES;
				CLANG_WARN_BLOCK_CAPTURE_AUTORELEASING = YES;
				CLANG_WARN_BOOL_CONVERSION = YES;
				CLANG_WARN_COMMA = YES;
				CLANG_WARN_CONSTANT_CONVERSION = YES;
				CLANG_WARN_DEPRECATED_OBJC_IMPLEMENTATIONS = YES;
				CLANG_WARN_DIRECT_OBJC_ISA_USAGE = YES_ERROR;
				CLANG_WARN_DOCUMENTATION_COMMENTS = YES;
				CLANG_WARN_EMPTY_BODY = YES;
				CLANG_WARN_ENUM_CONVERSION = YES;
				CLANG_WARN_INFINITE_RECURSION = YES;
				CLANG_WARN_INT_CONVERSION = YES;
				CLANG_WARN_NON_LITERAL_NULL_CONVERSION = YES;
				CLANG_WARN_OBJC_IMPLICIT_RETAIN_SELF = YES;
				CLANG_WARN_OBJC_LITERAL_CONVERSION = YES;
				CLANG_WARN_OBJC_ROOT_CLASS = YES_ERROR;
				CLANG_WARN_QUOTED_INCLUDE_IN_FRAMEWORK_HEADER = YES;
				CLANG_WARN_RANGE_LOOP_ANALYSIS = YES;
				CLANG_WARN_STRICT_PROTOTYPES = YES;
				CLANG_WARN_SUSPICIOUS_MOVE = YES;
				CLANG_WARN_UNGUARDED_AVAILABILITY = YES_AGGRESSIVE;
				CLANG_WARN_UNREACHABLE_CODE = YES;
				CLANG_WARN__DUPLICATE_METHOD_MATCH = YES;
				COPY_PHASE_STRIP = NO;
				DEBUG_INFORMATION_FORMAT = "dwarf-with-dsym";
				ENABLE_NS_ASSERTIONS = NO;
				ENABLE_STRICT_OBJC_MSGSEND = YES;
				GCC_C_LANGUAGE_STANDARD = gnu11;
				GCC_NO_COMMON_BLOCKS = YES;
				GCC_WARN_64_TO_32_BIT_CONVERSION = YES;
				GCC_WARN_ABOUT_RETURN_TYPE = YES_ERROR;
				GCC_WARN_UNDECLARED_SELECTOR = YES;
				GCC_WARN_UNINITIALIZED_AUTOS = YES_AGGRESSIVE;
				GCC_WARN_UNUSED_FUNCTION = YES;
				GCC_WARN_UNUSED_VARIABLE = YES;
				IPHONEOS_DEPLOYMENT_TARGET = 16.1;
				MTL_ENABLE_DEBUG_INFO = NO;
				MTL_FAST_MATH = YES;
				SDKROOT = iphoneos;
				SWIFT_COMPILATION_MODE = wholemodule;
				SWIFT_OPTIMIZATION_LEVEL = "-O";
				VALIDATE_PRODUCT = YES;
			};
			name = Release;
		};
		0E40E139291AFA3900B84A99 /* Debug */ = {
			isa = XCBuildConfiguration;
			buildSettings = {
				ASSETCATALOG_COMPILER_APPICON_NAME = AppIcon;
				ASSETCATALOG_COMPILER_GLOBAL_ACCENT_COLOR_NAME = AccentColor;
				CODE_SIGN_STYLE = Automatic;
				CURRENT_PROJECT_VERSION = 1;
				GENERATE_INFOPLIST_FILE = YES;
				INFOPLIST_FILE = ProgrammaticSegues/Info.plist;
				INFOPLIST_KEY_UIApplicationSupportsIndirectInputEvents = YES;
				INFOPLIST_KEY_UILaunchStoryboardName = LaunchScreen;
				INFOPLIST_KEY_UIMainStoryboardFile = Main;
				INFOPLIST_KEY_UISupportedInterfaceOrientations_iPad = "UIInterfaceOrientationPortrait UIInterfaceOrientationPortraitUpsideDown UIInterfaceOrientationLandscapeLeft UIInterfaceOrientationLandscapeRight";
				INFOPLIST_KEY_UISupportedInterfaceOrientations_iPhone = "UIInterfaceOrientationPortrait UIInterfaceOrientationLandscapeLeft UIInterfaceOrientationLandscapeRight";
				LD_RUNPATH_SEARCH_PATHS = (
					"$(inherited)",
					"@executable_path/Frameworks",
				);
				MARKETING_VERSION = 1.0;
				PRODUCT_BUNDLE_IDENTIFIER = iosbootcamp.ProgrammaticSegues;
				PRODUCT_NAME = "$(TARGET_NAME)";
				SWIFT_EMIT_LOC_STRINGS = YES;
				SWIFT_VERSION = 5.0;
				TARGETED_DEVICE_FAMILY = "1,2";
			};
			name = Debug;
		};
		0E40E13A291AFA3900B84A99 /* Release */ = {
			isa = XCBuildConfiguration;
			buildSettings = {
				ASSETCATALOG_COMPILER_APPICON_NAME = AppIcon;
				ASSETCATALOG_COMPILER_GLOBAL_ACCENT_COLOR_NAME = AccentColor;
				CODE_SIGN_STYLE = Automatic;
				CURRENT_PROJECT_VERSION = 1;
				GENERATE_INFOPLIST_FILE = YES;
				INFOPLIST_FILE = ProgrammaticSegues/Info.plist;
				INFOPLIST_KEY_UIApplicationSupportsIndirectInputEvents = YES;
				INFOPLIST_KEY_UILaunchStoryboardName = LaunchScreen;
				INFOPLIST_KEY_UIMainStoryboardFile = Main;
				INFOPLIST_KEY_UISupportedInterfaceOrientations_iPad = "UIInterfaceOrientationPortrait UIInterfaceOrientationPortraitUpsideDown UIInterfaceOrientationLandscapeLeft UIInterfaceOrientationLandscapeRight";
				INFOPLIST_KEY_UISupportedInterfaceOrientations_iPhone = "UIInterfaceOrientationPortrait UIInterfaceOrientationLandscapeLeft UIInterfaceOrientationLandscapeRight";
				LD_RUNPATH_SEARCH_PATHS = (
					"$(inherited)",
					"@executable_path/Frameworks",
				);
				MARKETING_VERSION = 1.0;
				PRODUCT_BUNDLE_IDENTIFIER = iosbootcamp.ProgrammaticSegues;
				PRODUCT_NAME = "$(TARGET_NAME)";
				SWIFT_EMIT_LOC_STRINGS = YES;
				SWIFT_VERSION = 5.0;
				TARGETED_DEVICE_FAMILY = "1,2";
			};
			name = Release;
		};
		0E40E13C291AFA3900B84A99 /* Debug */ = {
			isa = XCBuildConfiguration;
			buildSettings = {
				ALWAYS_EMBED_SWIFT_STANDARD_LIBRARIES = YES;
				BUNDLE_LOADER = "$(TEST_HOST)";
				CODE_SIGN_STYLE = Automatic;
				CURRENT_PROJECT_VERSION = 1;
				GENERATE_INFOPLIST_FILE = YES;
				IPHONEOS_DEPLOYMENT_TARGET = 16.1;
				MARKETING_VERSION = 1.0;
				PRODUCT_BUNDLE_IDENTIFIER = iosbootcamp.ProgrammaticSeguesTests;
				PRODUCT_NAME = "$(TARGET_NAME)";
				SWIFT_EMIT_LOC_STRINGS = NO;
				SWIFT_VERSION = 5.0;
				TARGETED_DEVICE_FAMILY = "1,2";
				TEST_HOST = "$(BUILT_PRODUCTS_DIR)/ProgrammaticSegues.app/$(BUNDLE_EXECUTABLE_FOLDER_PATH)/ProgrammaticSegues";
			};
			name = Debug;
		};
		0E40E13D291AFA3900B84A99 /* Release */ = {
			isa = XCBuildConfiguration;
			buildSettings = {
				ALWAYS_EMBED_SWIFT_STANDARD_LIBRARIES = YES;
				BUNDLE_LOADER = "$(TEST_HOST)";
				CODE_SIGN_STYLE = Automatic;
				CURRENT_PROJECT_VERSION = 1;
				GENERATE_INFOPLIST_FILE = YES;
				IPHONEOS_DEPLOYMENT_TARGET = 16.1;
				MARKETING_VERSION = 1.0;
				PRODUCT_BUNDLE_IDENTIFIER = iosbootcamp.ProgrammaticSeguesTests;
				PRODUCT_NAME = "$(TARGET_NAME)";
				SWIFT_EMIT_LOC_STRINGS = NO;
				SWIFT_VERSION = 5.0;
				TARGETED_DEVICE_FAMILY = "1,2";
				TEST_HOST = "$(BUILT_PRODUCTS_DIR)/ProgrammaticSegues.app/$(BUNDLE_EXECUTABLE_FOLDER_PATH)/ProgrammaticSegues";
			};
			name = Release;
		};
		0E40E13F291AFA3900B84A99 /* Debug */ = {
			isa = XCBuildConfiguration;
			buildSettings = {
				ALWAYS_EMBED_SWIFT_STANDARD_LIBRARIES = YES;
				CODE_SIGN_STYLE = Automatic;
				CURRENT_PROJECT_VERSION = 1;
				GENERATE_INFOPLIST_FILE = YES;
				MARKETING_VERSION = 1.0;
				PRODUCT_BUNDLE_IDENTIFIER = iosbootcamp.ProgrammaticSeguesUITests;
				PRODUCT_NAME = "$(TARGET_NAME)";
				SWIFT_EMIT_LOC_STRINGS = NO;
				SWIFT_VERSION = 5.0;
				TARGETED_DEVICE_FAMILY = "1,2";
				TEST_TARGET_NAME = ProgrammaticSegues;
			};
			name = Debug;
		};
		0E40E140291AFA3900B84A99 /* Release */ = {
			isa = XCBuildConfiguration;
			buildSettings = {
				ALWAYS_EMBED_SWIFT_STANDARD_LIBRARIES = YES;
				CODE_SIGN_STYLE = Automatic;
				CURRENT_PROJECT_VERSION = 1;
				GENERATE_INFOPLIST_FILE = YES;
				MARKETING_VERSION = 1.0;
				PRODUCT_BUNDLE_IDENTIFIER = iosbootcamp.ProgrammaticSeguesUITests;
				PRODUCT_NAME = "$(TARGET_NAME)";
				SWIFT_EMIT_LOC_STRINGS = NO;
				SWIFT_VERSION = 5.0;
				TARGETED_DEVICE_FAMILY = "1,2";
				TEST_TARGET_NAME = ProgrammaticSegues;
			};
			name = Release;
		};
/* End XCBuildConfiguration section */

/* Begin XCConfigurationList section */
		0E40E109291AFA3800B84A99 /* Build configuration list for PBXProject "ProgrammaticSegues" */ = {
			isa = XCConfigurationList;
			buildConfigurations = (
				0E40E136291AFA3900B84A99 /* Debug */,
				0E40E137291AFA3900B84A99 /* Release */,
			);
			defaultConfigurationIsVisible = 0;
			defaultConfigurationName = Release;
		};
		0E40E138291AFA3900B84A99 /* Build configuration list for PBXNativeTarget "ProgrammaticSegues" */ = {
			isa = XCConfigurationList;
			buildConfigurations = (
				0E40E139291AFA3900B84A99 /* Debug */,
				0E40E13A291AFA3900B84A99 /* Release */,
			);
			defaultConfigurationIsVisible = 0;
			defaultConfigurationName = Release;
		};
		0E40E13B291AFA3900B84A99 /* Build configuration list for PBXNativeTarget "ProgrammaticSeguesTests" */ = {
			isa = XCConfigurationList;
			buildConfigurations = (
				0E40E13C291AFA3900B84A99 /* Debug */,
				0E40E13D291AFA3900B84A99 /* Release */,
			);
			defaultConfigurationIsVisible = 0;
			defaultConfigurationName = Release;
		};
		0E40E13E291AFA3900B84A99 /* Build configuration list for PBXNativeTarget "ProgrammaticSeguesUITests" */ = {
			isa = XCConfigurationList;
			buildConfigurations = (
				0E40E13F291AFA3900B84A99 /* Debug */,
				0E40E140291AFA3900B84A99 /* Release */,
			);
			defaultConfigurationIsVisible = 0;
			defaultConfigurationName = Release;
		};
/* End XCConfigurationList section */
	};
	rootObject = 0E40E106291AFA3800B84A99 /* Project object */;
}
